
Microsoft Visual Studio Solution File, Format Version 12.00
# Visual Studio Version 17
VisualStudioVersion = 17.4.33103.184
MinimumVisualStudioVersion = 10.0.40219.1
Project("{FAE04EC0-301F-11D3-BF4B-00C04F79EFBC}") = "Trivea Questions", "Trivea Questions\Trivea Questions.csproj", "{136BE95D-EA8C-4269-B258-9C9D4BB1E059}"
EndProject
Global
	GlobalSection(SolutionConfigurationPlatforms) = preSolution
		Debug|Any CPU = Debug|Any CPU
		Release|Any CPU = Release|Any CPU
	EndGlobalSection
	GlobalSection(ProjectConfigurationPlatforms) = postSolution
		{136BE95D-EA8C-4269-B258-9C9D4BB1E059}.Debug|Any CPU.ActiveCfg = Debug|Any CPU
		{136BE95D-EA8C-4269-B258-9C9D4BB1E059}.Debug|Any CPU.Build.0 = Debug|Any CPU
		{136BE95D-EA8C-4269-B258-9C9D4BB1E059}.Release|Any CPU.ActiveCfg = Release|Any CPU
		{136BE95D-EA8C-4269-B258-9C9D4BB1E059}.Release|Any CPU.Build.0 = Release|Any CPU
	EndGlobalSection
	GlobalSection(SolutionProperties) = preSolution
		HideSolutionNode = FALSE
	EndGlobalSection
	GlobalSection(ExtensibilityGlobals) = postSolution
		SolutionGuid = {724EE50A-9379-46D2-858D-CD117C52FCB6}
	EndGlobalSection
EndGlobal
